
Microsoft Visual Studio Solution File, Format Version 12.00
# Visual Studio 15
VisualStudioVersion = 15.0.27428.2027
MinimumVisualStudioVersion = 10.0.40219.1
Project("{FAE04EC0-301F-11D3-BF4B-00C04F79EFBC}") = "DatVeMayBay", "DatVeMayBay\DatVeMayBay.csproj", "{4AE098D4-8F33-4C9B-AAEA-B5A276604CB5}"
EndProject
Project("{FAE04EC0-301F-11D3-BF4B-00C04F79EFBC}") = "ModelPlain", "ModelPlain\ModelPlain.csproj", "{5835B2DC-D033-40F4-A7D8-0EEFFF7A06CA}"
EndProject
Global
	GlobalSection(SolutionConfigurationPlatforms) = preSolution
		Debug|Any CPU = Debug|Any CPU
		Release|Any CPU = Release|Any CPU
	EndGlobalSection
	GlobalSection(ProjectConfigurationPlatforms) = postSolution
		{4AE098D4-8F33-4C9B-AAEA-B5A276604CB5}.Debug|Any CPU.ActiveCfg = Debug|Any CPU
		{4AE098D4-8F33-4C9B-AAEA-B5A276604CB5}.Debug|Any CPU.Build.0 = Debug|Any CPU
		{4AE098D4-8F33-4C9B-AAEA-B5A276604CB5}.Release|Any CPU.ActiveCfg = Release|Any CPU
		{4AE098D4-8F33-4C9B-AAEA-B5A276604CB5}.Release|Any CPU.Build.0 = Release|Any CPU
		{5835B2DC-D033-40F4-A7D8-0EEFFF7A06CA}.Debug|Any CPU.ActiveCfg = Debug|Any CPU
		{5835B2DC-D033-40F4-A7D8-0EEFFF7A06CA}.Debug|Any CPU.Build.0 = Debug|Any CPU
		{5835B2DC-D033-40F4-A7D8-0EEFFF7A06CA}.Release|Any CPU.ActiveCfg = Release|Any CPU
		{5835B2DC-D033-40F4-A7D8-0EEFFF7A06CA}.Release|Any CPU.Build.0 = Release|Any CPU
	EndGlobalSection
	GlobalSection(SolutionProperties) = preSolution
		HideSolutionNode = FALSE
	EndGlobalSection
	GlobalSection(ExtensibilityGlobals) = postSolution
		SolutionGuid = {5D99AB16-6562-4CD7-97C3-B546DBCFD7AE}
	EndGlobalSection
EndGlobal
